{
  "name": "dageltie-functions",
  "requires": true,
  "lockfileVersion": 1,
  "dependencies": {
    "@contentful/axios": {
      "version": "0.18.0",
      "resolved": "https://registry.npmjs.org/@contentful/axios/-/axios-0.18.0.tgz",
      "integrity": "sha512-4r4Ww1IJlmRolKgovLTTmdS6CsdvXYVxgXRFwWSh1x36T/0Wg9kTwdaVaApZXcv1DfYyw9RSNdxIGSwTP2/Lag==",
      "requires": {
        "follow-redirects": "^1.2.5",
        "is-buffer": "^1.1.5"
      }
    },
    "contentful": {
      "version": "7.0.4",
      "resolved": "https://registry.npmjs.org/contentful/-/contentful-7.0.4.tgz",
      "integrity": "sha512-WcQ9ffPymDCH8XmNpW9lyMXl1CD32vKwcQm7TsOmENsDirEe2wqT5UgbDP4Ikhwpuajtyr6psOYJUPlBcZJBJw==",
      "requires": {
        "@contentful/axios": "^0.18.0",
        "contentful-resolve-response": "^1.1.4",
        "contentful-sdk-core": "^6.0.1",
        "json-stringify-safe": "^5.0.1",
        "lodash": "^4.17.5"
      }
    },
    "contentful-management": {
      "version": "5.3.3",
      "resolved": "https://registry.npmjs.org/contentful-management/-/contentful-management-5.3.3.tgz",
      "integrity": "sha512-jg3Ure51QxFwvrqq8nbuBusyVPL39gcRT1kdTEZLmQARnTqfqxuOiXM0QBLh2ZfbvSir2RIPG+4InuypZ2tvhw==",
      "requires": {
        "@contentful/axios": "^0.18.0",
        "contentful-sdk-core": "^6.0.1",
        "lodash": "^4.17.10"
      }
    },
    "contentful-resolve-response": {
      "version": "1.1.4",
      "resolved": "https://registry.npmjs.org/contentful-resolve-response/-/contentful-resolve-response-1.1.4.tgz",
      "integrity": "sha512-oFq6n6zjbiwD9/7mBa8YHPwvPM0B0D4uOgg1n/rVzpQPhCrzeIixNj6fbJAbDiJt05rZqxiY3K1Db7pPRhRaZw==",
      "requires": {
        "lodash": "^4.17.4"
      }
    },
    "contentful-sdk-core": {
      "version": "6.0.2",
      "resolved": "https://registry.npmjs.org/contentful-sdk-core/-/contentful-sdk-core-6.0.2.tgz",
      "integrity": "sha512-6oHYWWZD5xBuofVgsa4vdJnxEeAKvXEJSxuF+foUSmbSblIwT8dT5aZosJV78ibf/IZylvDP2tPLFA9wNB1jzQ==",
      "requires": {
        "lodash": "^4.17.10",
        "qs": "^6.5.2"
      }
    },
    "debug": {
      "version": "3.1.0",
      "resolved": "https://registry.npmjs.org/debug/-/debug-3.1.0.tgz",
      "integrity": "sha512-OX8XqP7/1a9cqkxYw2yXss15f26NKWBpDXQd0/uK/KPqdQhxbPa994hnzjcE2VqQpDslf55723cKPUOGSmMY3g==",
      "requires": {
        "ms": "2.0.0"
      }
    },
    "follow-redirects": {
      "version": "1.5.8",
      "resolved": "https://registry.npmjs.org/follow-redirects/-/follow-redirects-1.5.8.tgz",
      "integrity": "sha512-sy1mXPmv7kLAMKW/8XofG7o9T+6gAjzdZK4AJF6ryqQYUa/hnzgiypoeUecZ53x7XiqKNEpNqLtS97MshW2nxg==",
      "requires": {
        "debug": "=3.1.0"
      }
    },
    "is-buffer": {
      "version": "1.1.6",
      "resolved": "https://registry.npmjs.org/is-buffer/-/is-buffer-1.1.6.tgz",
      "integrity": "sha512-NcdALwpXkTm5Zvvbk7owOUSvVvBKDgKP5/ewfXEznmQFfs4ZRmanOeKBTjRVjka3QFoN6XJ+9F3USqfHqTaU5w=="
    },
    "json-stringify-safe": {
      "version": "5.0.1",
      "resolved": "https://registry.npmjs.org/json-stringify-safe/-/json-stringify-safe-5.0.1.tgz",
      "integrity": "sha1-Epai1Y/UXxmg9s4B1lcB4sc1tus="
    },
    "lodash": {
      "version": "4.17.11",
      "resolved": "https://registry.npmjs.org/lodash/-/lodash-4.17.11.tgz",
      "integrity": "sha512-cQKh8igo5QUhZ7lg38DYWAxMvjSAKG0A8wGSVimP07SIUEK2UO+arSRKbRZWtelMtN5V0Hkwh5ryOto/SshYIg=="
    },
    "ms": {
      "version": "2.0.0",
      "resolved": "https://registry.npmjs.org/ms/-/ms-2.0.0.tgz",
      "integrity": "sha1-VgiurfwAvmwpAd9fmGF4jeDVl8g="
    },
    "qs": {
      "version": "6.5.2",
      "resolved": "https://registry.npmjs.org/qs/-/qs-6.5.2.tgz",
      "integrity": "sha512-N5ZAX4/LxJmF+7wN74pUD6qAh9/wnvdQcjq9TZjevvXzSUo7bfmw91saqMjzGS2xq91/odN2dW/WOl7qQHNDGA=="
    }
  }
}
